
Microsoft Visual Studio Solution File, Format Version 12.00
# Visual Studio Version 16
VisualStudioVersion = 16.0.31613.86
MinimumVisualStudioVersion = 10.0.40219.1
Project("{9A19103F-16F7-4668-BE54-9A1E7A4F7556}") = "DurableFunctions", "DurableFunctions\DurableFunctions.csproj", "{4648EC9C-2F13-4BD8-877C-B4F83AF450DB}"
EndProject
Global
	GlobalSection(SolutionConfigurationPlatforms) = preSolution
		Debug|Any CPU = Debug|Any CPU
		Release|Any CPU = Release|Any CPU
	EndGlobalSection
	GlobalSection(ProjectConfigurationPlatforms) = postSolution
		{4648EC9C-2F13-4BD8-877C-B4F83AF450DB}.Debug|Any CPU.ActiveCfg = Debug|Any CPU
		{4648EC9C-2F13-4BD8-877C-B4F83AF450DB}.Debug|Any CPU.Build.0 = Debug|Any CPU
		{4648EC9C-2F13-4BD8-877C-B4F83AF450DB}.Release|Any CPU.ActiveCfg = Release|Any CPU
		{4648EC9C-2F13-4BD8-877C-B4F83AF450DB}.Release|Any CPU.Build.0 = Release|Any CPU
	EndGlobalSection
	GlobalSection(SolutionProperties) = preSolution
		HideSolutionNode = FALSE
	EndGlobalSection
	GlobalSection(ExtensibilityGlobals) = postSolution
		SolutionGuid = {A022D762-EF85-4A82-86CE-67D07B5B5DF9}
	EndGlobalSection
EndGlobal
